
Microsoft Visual Studio Solution File, Format Version 12.00
# Visual Studio Version 17
VisualStudioVersion = 17.6.33723.286
MinimumVisualStudioVersion = 10.0.40219.1
Project("{FAE04EC0-301F-11D3-BF4B-00C04F79EFBC}") = "CloudRepublic.DevOps.ServerUI", "CloudRepublic.DevOps.ServerUI\CloudRepublic.DevOps.ServerUI.csproj", "{74EE8DE5-AFCE-4F92-9CE4-F045FE81CF11}"
EndProject
Global
	GlobalSection(SolutionConfigurationPlatforms) = preSolution
		Debug|Any CPU = Debug|Any CPU
		Release|Any CPU = Release|Any CPU
	EndGlobalSection
	GlobalSection(ProjectConfigurationPlatforms) = postSolution
		{74EE8DE5-AFCE-4F92-9CE4-F045FE81CF11}.Debug|Any CPU.ActiveCfg = Debug|Any CPU
		{74EE8DE5-AFCE-4F92-9CE4-F045FE81CF11}.Debug|Any CPU.Build.0 = Debug|Any CPU
		{74EE8DE5-AFCE-4F92-9CE4-F045FE81CF11}.Release|Any CPU.ActiveCfg = Release|Any CPU
		{74EE8DE5-AFCE-4F92-9CE4-F045FE81CF11}.Release|Any CPU.Build.0 = Release|Any CPU
	EndGlobalSection
	GlobalSection(SolutionProperties) = preSolution
		HideSolutionNode = FALSE
	EndGlobalSection
	GlobalSection(ExtensibilityGlobals) = postSolution
		SolutionGuid = {91AF6A90-0F90-459F-ACBE-2DB79168FB57}
	EndGlobalSection
EndGlobal
